// !$*UTF8*$!
{
	archiveVersion = 1;
	classes = {
	};
	objectVersion = 56;
	objects = {

/* Begin PBXBuildFile section */
		17C964CC2925D121001362D7 /* MainVC.swift in Sources */ = {isa = PBXBuildFile; fileRef = 17C964CB2925D121001362D7 /* MainVC.swift */; };
		17C964D02925E5CD001362D7 /* LeaguesVC.swift in Sources */ = {isa = PBXBuildFile; fileRef = 17C964CF2925E5CD001362D7 /* LeaguesVC.swift */; };
		17C964D22925E9E9001362D7 /* UserDefaultService.swift in Sources */ = {isa = PBXBuildFile; fileRef = 17C964D12925E9E9001362D7 /* UserDefaultService.swift */; };
		C52A44032941870A007055BD /* WorldCupVC.swift in Sources */ = {isa = PBXBuildFile; fileRef = C52A44022941870A007055BD /* WorldCupVC.swift */; };
		C52A44062941885C007055BD /* argen.png in Resources */ = {isa = PBXBuildFile; fileRef = C52A44042941885C007055BD /* argen.png */; };
		C52A44072941885C007055BD /* portugal.png in Resources */ = {isa = PBXBuildFile; fileRef = C52A44052941885C007055BD /* portugal.png */; };
		C552606928FB9F2600065A60 /* SimulationService.swift in Sources */ = {isa = PBXBuildFile; fileRef = C552606728FB9F2600065A60 /* SimulationService.swift */; };
		C552606A28FB9F2600065A60 /* ARViewController.swift in Sources */ = {isa = PBXBuildFile; fileRef = C552606828FB9F2600065A60 /* ARViewController.swift */; };
		C552606C28FB9F3F00065A60 /* Experience.rcproject in Sources */ = {isa = PBXBuildFile; fileRef = C552606B28FB9F3F00065A60 /* Experience.rcproject */; };
		C570100D292C77E100DA9B3B /* spinner.gif in Resources */ = {isa = PBXBuildFile; fileRef = C570100C292C77E100DA9B3B /* spinner.gif */; };
		EB0B2E3D292F0E60001C028E /* music.mp3 in Resources */ = {isa = PBXBuildFile; fileRef = EB0B2E3C292F0E60001C028E /* music.mp3 */; };
		EB1217302922E4AD00AD47D1 /* LoginVC.swift in Sources */ = {isa = PBXBuildFile; fileRef = EB12172F2922E4AD00AD47D1 /* LoginVC.swift */; };
		EB12173229231F2D00AD47D1 /* SignupVC.swift in Sources */ = {isa = PBXBuildFile; fileRef = EB12173129231F2D00AD47D1 /* SignupVC.swift */; };
		EB1F41D328DE032F006B2F94 /* return.png in Resources */ = {isa = PBXBuildFile; fileRef = EB1F41D228DE032F006B2F94 /* return.png */; };
		EB1F41D528DE072F006B2F94 /* settings.png in Resources */ = {isa = PBXBuildFile; fileRef = EB1F41D428DE072F006B2F94 /* settings.png */; };
		EB201281292DD3F30006FBD2 /* FirebaseAnalytics in Frameworks */ = {isa = PBXBuildFile; productRef = EB201280292DD3F30006FBD2 /* FirebaseAnalytics */; };
		EB201283292DD3F30006FBD2 /* FirebaseAnalyticsOnDeviceConversion in Frameworks */ = {isa = PBXBuildFile; productRef = EB201282292DD3F30006FBD2 /* FirebaseAnalyticsOnDeviceConversion */; };
		EB201285292DD3F30006FBD2 /* FirebaseAnalyticsSwift in Frameworks */ = {isa = PBXBuildFile; productRef = EB201284292DD3F30006FBD2 /* FirebaseAnalyticsSwift */; };
		EB201287292DD3F30006FBD2 /* FirebaseAnalyticsWithoutAdIdSupport in Frameworks */ = {isa = PBXBuildFile; productRef = EB201286292DD3F30006FBD2 /* FirebaseAnalyticsWithoutAdIdSupport */; };
		EB201289292DD3F30006FBD2 /* FirebaseAppCheck in Frameworks */ = {isa = PBXBuildFile; productRef = EB201288292DD3F30006FBD2 /* FirebaseAppCheck */; };
		EB20128B292DD3F30006FBD2 /* FirebaseAppDistribution-Beta in Frameworks */ = {isa = PBXBuildFile; productRef = EB20128A292DD3F30006FBD2 /* FirebaseAppDistribution-Beta */; };
		EB20128D292DD3F30006FBD2 /* FirebaseAuth in Frameworks */ = {isa = PBXBuildFile; productRef = EB20128C292DD3F30006FBD2 /* FirebaseAuth */; };
		EB20128F292DD3F30006FBD2 /* FirebaseAuthCombine-Community in Frameworks */ = {isa = PBXBuildFile; productRef = EB20128E292DD3F30006FBD2 /* FirebaseAuthCombine-Community */; };
		EB201291292DD3F30006FBD2 /* FirebaseCrashlytics in Frameworks */ = {isa = PBXBuildFile; productRef = EB201290292DD3F30006FBD2 /* FirebaseCrashlytics */; };
		EB201293292DD3F30006FBD2 /* FirebaseDatabase in Frameworks */ = {isa = PBXBuildFile; productRef = EB201292292DD3F30006FBD2 /* FirebaseDatabase */; };
		EB201295292DD3F30006FBD2 /* FirebaseDatabaseSwift in Frameworks */ = {isa = PBXBuildFile; productRef = EB201294292DD3F30006FBD2 /* FirebaseDatabaseSwift */; };
		EB201297292DD3F30006FBD2 /* FirebaseDynamicLinks in Frameworks */ = {isa = PBXBuildFile; productRef = EB201296292DD3F30006FBD2 /* FirebaseDynamicLinks */; };
		EB201299292DD3F30006FBD2 /* FirebaseFirestore in Frameworks */ = {isa = PBXBuildFile; productRef = EB201298292DD3F30006FBD2 /* FirebaseFirestore */; };
		EB20129B292DD3F30006FBD2 /* FirebaseFirestoreCombine-Community in Frameworks */ = {isa = PBXBuildFile; productRef = EB20129A292DD3F30006FBD2 /* FirebaseFirestoreCombine-Community */; };
		EB20129D292DD3F30006FBD2 /* FirebaseFirestoreSwift in Frameworks */ = {isa = PBXBuildFile; productRef = EB20129C292DD3F30006FBD2 /* FirebaseFirestoreSwift */; };
		EB20129F292DD3F30006FBD2 /* FirebaseFunctions in Frameworks */ = {isa = PBXBuildFile; productRef = EB20129E292DD3F30006FBD2 /* FirebaseFunctions */; };
		EB2012A1292DD3F30006FBD2 /* FirebaseFunctionsCombine-Community in Frameworks */ = {isa = PBXBuildFile; productRef = EB2012A0292DD3F30006FBD2 /* FirebaseFunctionsCombine-Community */; };
		EB2012A3292DD3F30006FBD2 /* FirebaseInAppMessaging-Beta in Frameworks */ = {isa = PBXBuildFile; productRef = EB2012A2292DD3F30006FBD2 /* FirebaseInAppMessaging-Beta */; };
		EB2012A5292DD3F30006FBD2 /* FirebaseInAppMessagingSwift-Beta in Frameworks */ = {isa = PBXBuildFile; productRef = EB2012A4292DD3F30006FBD2 /* FirebaseInAppMessagingSwift-Beta */; };
		EB2012A7292DD3F30006FBD2 /* FirebaseInstallations in Frameworks */ = {isa = PBXBuildFile; productRef = EB2012A6292DD3F30006FBD2 /* FirebaseInstallations */; };
		EB2012A9292DD3F30006FBD2 /* FirebaseMLModelDownloader in Frameworks */ = {isa = PBXBuildFile; productRef = EB2012A8292DD3F30006FBD2 /* FirebaseMLModelDownloader */; };
		EB2012AB292DD3F30006FBD2 /* FirebaseMessaging in Frameworks */ = {isa = PBXBuildFile; productRef = EB2012AA292DD3F30006FBD2 /* FirebaseMessaging */; };
		EB2012AD292DD3F30006FBD2 /* FirebasePerformance in Frameworks */ = {isa = PBXBuildFile; productRef = EB2012AC292DD3F30006FBD2 /* FirebasePerformance */; };
		EB2012AF292DD3F30006FBD2 /* FirebaseRemoteConfig in Frameworks */ = {isa = PBXBuildFile; productRef = EB2012AE292DD3F30006FBD2 /* FirebaseRemoteConfig */; };
		EB2012B1292DD3F30006FBD2 /* FirebaseRemoteConfigSwift in Frameworks */ = {isa = PBXBuildFile; productRef = EB2012B0292DD3F30006FBD2 /* FirebaseRemoteConfigSwift */; };
		EB2012B3292DD3F30006FBD2 /* FirebaseStorage in Frameworks */ = {isa = PBXBuildFile; productRef = EB2012B2292DD3F30006FBD2 /* FirebaseStorage */; };
		EB2012B5292DD3F30006FBD2 /* FirebaseStorageCombine-Community in Frameworks */ = {isa = PBXBuildFile; productRef = EB2012B4292DD3F30006FBD2 /* FirebaseStorageCombine-Community */; };
		EB2012B8292DD98B0006FBD2 /* FacebookCore in Frameworks */ = {isa = PBXBuildFile; productRef = EB2012B7292DD98B0006FBD2 /* FacebookCore */; };
		EB2012BA292DD98B0006FBD2 /* FacebookGamingServices in Frameworks */ = {isa = PBXBuildFile; productRef = EB2012B9292DD98B0006FBD2 /* FacebookGamingServices */; };
		EB2012BC292DD98B0006FBD2 /* FacebookLogin in Frameworks */ = {isa = PBXBuildFile; productRef = EB2012BB292DD98B0006FBD2 /* FacebookLogin */; };
		EB2012BE292DD98B0006FBD2 /* FacebookShare in Frameworks */ = {isa = PBXBuildFile; productRef = EB2012BD292DD98B0006FBD2 /* FacebookShare */; };
		EB37FC1328D12BFA00D7F714 /* SlidingAnimatorProtocol.swift in Sources */ = {isa = PBXBuildFile; fileRef = EBD9BBD128D123C0007E75D9 /* SlidingAnimatorProtocol.swift */; };
		EB37FC1428D12C0600D7F714 /* SlidingAnimationOptions.swift in Sources */ = {isa = PBXBuildFile; fileRef = EBD9BBDB28D123C0007E75D9 /* SlidingAnimationOptions.swift */; };
		EB37FC1528D12C0800D7F714 /* SlidingAnimatorFactory.swift in Sources */ = {isa = PBXBuildFile; fileRef = EBD9BBDC28D123C0007E75D9 /* SlidingAnimatorFactory.swift */; };
		EB37FC1728D12C4500D7F714 /* CAMediaTimingFunction+AMExtension.swift in Sources */ = {isa = PBXBuildFile; fileRef = EB37FC1628D12C4500D7F714 /* CAMediaTimingFunction+AMExtension.swift */; };
		EB37FC1828D12C7400D7F714 /* SlidingContentAnimator.swift in Sources */ = {isa = PBXBuildFile; fileRef = EBD9BBD328D123C0007E75D9 /* SlidingContentAnimator.swift */; };
		EB37FC1928D12C7400D7F714 /* SlidingDimmedBackgroundAnimator.swift in Sources */ = {isa = PBXBuildFile; fileRef = EBD9BBD828D123C0007E75D9 /* SlidingDimmedBackgroundAnimator.swift */; };
		EB37FC1A28D12C7400D7F714 /* SlidingBlurAnimator.swift in Sources */ = {isa = PBXBuildFile; fileRef = EBD9BBD528D123C0007E75D9 /* SlidingBlurAnimator.swift */; };
		EB37FC1B28D12C7400D7F714 /* SlidingContentShadowAnimator.swift in Sources */ = {isa = PBXBuildFile; fileRef = EBD9BBD928D123C0007E75D9 /* SlidingContentShadowAnimator.swift */; };
		EB37FC1C28D12C7400D7F714 /* SlidingShadowAnimator.swift in Sources */ = {isa = PBXBuildFile; fileRef = EBD9BBD428D123C0007E75D9 /* SlidingShadowAnimator.swift */; };
		EB37FC1D28D12C7400D7F714 /* SlidingStandardAnimator.swift in Sources */ = {isa = PBXBuildFile; fileRef = EBD9BBD628D123C0007E75D9 /* SlidingStandardAnimator.swift */; };
		EB37FC1E28D12C7400D7F714 /* SlidingGroupAnimator.swift in Sources */ = {isa = PBXBuildFile; fileRef = EBD9BBD728D123C0007E75D9 /* SlidingGroupAnimator.swift */; };
		EB37FC1F28D12C7400D7F714 /* SlidingFixedMenuAnimator.swift in Sources */ = {isa = PBXBuildFile; fileRef = EBD9BBDA28D123C0007E75D9 /* SlidingFixedMenuAnimator.swift */; };
		EB37FC2028D12C9700D7F714 /* RightMenuSegue.swift in Sources */ = {isa = PBXBuildFile; fileRef = EBD9BBCD28D123B8007E75D9 /* RightMenuSegue.swift */; };
		EB37FC2128D12C9700D7F714 /* ContentSegue.swift in Sources */ = {isa = PBXBuildFile; fileRef = EBD9BBCE28D123B8007E75D9 /* ContentSegue.swift */; };
		EB37FC2228D12C9700D7F714 /* LeftMenuSegue.swift in Sources */ = {isa = PBXBuildFile; fileRef = EBD9BBCF28D123B8007E75D9 /* LeftMenuSegue.swift */; };
		EB37FC2328D12CAD00D7F714 /* UIViewController+AMExtension.swift in Sources */ = {isa = PBXBuildFile; fileRef = EBD9BBC928D123B0007E75D9 /* UIViewController+AMExtension.swift */; };
		EB37FC2428D12CCB00D7F714 /* BlurryOverlayView.swift in Sources */ = {isa = PBXBuildFile; fileRef = EBD9BBCB28D123B4007E75D9 /* BlurryOverlayView.swift */; };
		EB37FC5628D1767E00D7F714 /* vs.png in Resources */ = {isa = PBXBuildFile; fileRef = EB37FC5528D1767E00D7F714 /* vs.png */; };
		EB37FC5828D1777200D7F714 /* Homebcg1.jpg in Resources */ = {isa = PBXBuildFile; fileRef = EB37FC5728D1777200D7F714 /* Homebcg1.jpg */; };
		EB37FC5C28D1794100D7F714 /* Player.png in Resources */ = {isa = PBXBuildFile; fileRef = EB37FC5B28D1794100D7F714 /* Player.png */; };
		EB37FC5E28D179F900D7F714 /* Whistle.png in Resources */ = {isa = PBXBuildFile; fileRef = EB37FC5D28D179F800D7F714 /* Whistle.png */; };
		EB37FC6028D17A7200D7F714 /* Sell.png in Resources */ = {isa = PBXBuildFile; fileRef = EB37FC5F28D17A7200D7F714 /* Sell.png */; };
		EB37FC6228D17AC900D7F714 /* Video.png in Resources */ = {isa = PBXBuildFile; fileRef = EB37FC6128D17AC900D7F714 /* Video.png */; };
		EB37FC6428D17B8900D7F714 /* Rank.png in Resources */ = {isa = PBXBuildFile; fileRef = EB37FC6328D17B8900D7F714 /* Rank.png */; };
		EB37FC6628D17E5D00D7F714 /* Barcelona.png in Resources */ = {isa = PBXBuildFile; fileRef = EB37FC6528D17E5D00D7F714 /* Barcelona.png */; };
		EB37FC6A28D17EFD00D7F714 /* RM.png in Resources */ = {isa = PBXBuildFile; fileRef = EB37FC6928D17EFD00D7F714 /* RM.png */; };
		EB387144291F095300D3AFCF /* PickVC.swift in Sources */ = {isa = PBXBuildFile; fileRef = EB387143291F095300D3AFCF /* PickVC.swift */; };
		EB3A074928D2735500869D70 /* HomeVC.swift in Sources */ = {isa = PBXBuildFile; fileRef = EB3A074828D2735500869D70 /* HomeVC.swift */; };
		EB41DC702914E60800516B30 /* ResultVC.swift in Sources */ = {isa = PBXBuildFile; fileRef = EB41DC6F2914E60800516B30 /* ResultVC.swift */; };
		EB647C6928D40E890000B8A3 /* Homebcg.jpg in Resources */ = {isa = PBXBuildFile; fileRef = EB647C6828D40E890000B8A3 /* Homebcg.jpg */; };
		EB749CA328E3F16300BAAD15 /* avatar.png in Resources */ = {isa = PBXBuildFile; fileRef = EB749CA228E3F16300BAAD15 /* avatar.png */; };
		EB749CA528EA5EC000BAAD15 /* play.png in Resources */ = {isa = PBXBuildFile; fileRef = EB749CA428EA5EC000BAAD15 /* play.png */; };
		EB749CA728EA67B500BAAD15 /* PaddingLabel.swift in Sources */ = {isa = PBXBuildFile; fileRef = EB749CA628EA67B500BAAD15 /* PaddingLabel.swift */; };
		EB749CAB28EA6CA600BAAD15 /* SettingsVC.swift in Sources */ = {isa = PBXBuildFile; fileRef = EB749CAA28EA6CA600BAAD15 /* SettingsVC.swift */; };
		EB749CAD28EA6E7300BAAD15 /* ProfileVC.swift in Sources */ = {isa = PBXBuildFile; fileRef = EB749CAC28EA6E7300BAAD15 /* ProfileVC.swift */; };
		EB749CAF28EA6EEF00BAAD15 /* LineupVC.swift in Sources */ = {isa = PBXBuildFile; fileRef = EB749CAE28EA6EEF00BAAD15 /* LineupVC.swift */; };
		EBD9BB8528D11CFE007E75D9 /* AppDelegate.swift in Sources */ = {isa = PBXBuildFile; fileRef = EBD9BB8428D11CFE007E75D9 /* AppDelegate.swift */; };
		EBD9BB8C28D11CFE007E75D9 /* Main.storyboard in Resources */ = {isa = PBXBuildFile; fileRef = EBD9BB8A28D11CFE007E75D9 /* Main.storyboard */; };
		EBD9BB8F28D11CFE007E75D9 /* AR_Soccer_Manager.xcdatamodeld in Sources */ = {isa = PBXBuildFile; fileRef = EBD9BB8D28D11CFE007E75D9 /* AR_Soccer_Manager.xcdatamodeld */; };
		EBD9BB9128D11D00007E75D9 /* Assets.xcassets in Resources */ = {isa = PBXBuildFile; fileRef = EBD9BB9028D11D00007E75D9 /* Assets.xcassets */; };
		EBD9BB9428D11D00007E75D9 /* LaunchScreen.storyboard in Resources */ = {isa = PBXBuildFile; fileRef = EBD9BB9228D11D00007E75D9 /* LaunchScreen.storyboard */; };
		EBD9BB9F28D11D00007E75D9 /* AR_Soccer_ManagerTests.swift in Sources */ = {isa = PBXBuildFile; fileRef = EBD9BB9E28D11D00007E75D9 /* AR_Soccer_ManagerTests.swift */; };
		EBD9BBA928D11D00007E75D9 /* AR_Soccer_ManagerUITests.swift in Sources */ = {isa = PBXBuildFile; fileRef = EBD9BBA828D11D00007E75D9 /* AR_Soccer_ManagerUITests.swift */; };
		EBD9BBAB28D11D00007E75D9 /* AR_Soccer_ManagerUITestsLaunchTests.swift in Sources */ = {isa = PBXBuildFile; fileRef = EBD9BBAA28D11D00007E75D9 /* AR_Soccer_ManagerUITestsLaunchTests.swift */; };
		EBD9BBBD28D122C3007E75D9 /* SceneDelegate.swift in Sources */ = {isa = PBXBuildFile; fileRef = EBD9BBBC28D122C3007E75D9 /* SceneDelegate.swift */; };
		EBD9BBC328D12393007E75D9 /* SlideMenuMainViewController.swift in Sources */ = {isa = PBXBuildFile; fileRef = EBD9BBC228D12393007E75D9 /* SlideMenuMainViewController.swift */; };
		EBDC118C2932D06D0081B03E /* logo.jpeg in Resources */ = {isa = PBXBuildFile; fileRef = EBDC118B2932D06D0081B03E /* logo.jpeg */; };
		EBDC11922932D9050081B03E /* title.png in Resources */ = {isa = PBXBuildFile; fileRef = EBDC11912932D9050081B03E /* title.png */; };
		EBE5588B2913731700B8B68C /* 1.png in Resources */ = {isa = PBXBuildFile; fileRef = EBE5588A2913731700B8B68C /* 1.png */; };
		EBEE0D8B29256CE200F13C93 /* TradeVC.swift in Sources */ = {isa = PBXBuildFile; fileRef = EBEE0D8A29256CE200F13C93 /* TradeVC.swift */; };
		EBF59DB328F8F6F000CE4A14 /* GoogleService-Info.plist in Resources */ = {isa = PBXBuildFile; fileRef = EBF59DB228F8F6F000CE4A14 /* GoogleService-Info.plist */; };
		EBF59DB428F8F6F000CE4A14 /* GoogleService-Info.plist in Resources */ = {isa = PBXBuildFile; fileRef = EBF59DB228F8F6F000CE4A14 /* GoogleService-Info.plist */; };
		EBF59DB528F8F6F000CE4A14 /* GoogleService-Info.plist in Resources */ = {isa = PBXBuildFile; fileRef = EBF59DB228F8F6F000CE4A14 /* GoogleService-Info.plist */; };
		EBF59DD028F907EC00CE4A14 /* PickerVC.swift in Sources */ = {isa = PBXBuildFile; fileRef = EBF59DCF28F907EC00CE4A14 /* PickerVC.swift */; };
		EBF59DD128F907EC00CE4A14 /* PickerVC.swift in Sources */ = {isa = PBXBuildFile; fileRef = EBF59DCF28F907EC00CE4A14 /* PickerVC.swift */; };
		EBF59DD228F907EC00CE4A14 /* PickerVC.swift in Sources */ = {isa = PBXBuildFile; fileRef = EBF59DCF28F907EC00CE4A14 /* PickerVC.swift */; };
		EBF59DD528F912EB00CE4A14 /* Club.swift in Sources */ = {isa = PBXBuildFile; fileRef = EBF59DD428F912EB00CE4A14 /* Club.swift */; };
		EBF59DD628F912EB00CE4A14 /* Club.swift in Sources */ = {isa = PBXBuildFile; fileRef = EBF59DD428F912EB00CE4A14 /* Club.swift */; };
		EBF59DD728F912EB00CE4A14 /* Club.swift in Sources */ = {isa = PBXBuildFile; fileRef = EBF59DD428F912EB00CE4A14 /* Club.swift */; };
/* End PBXBuildFile section */

/* Begin PBXContainerItemProxy section */
		EBD9BB9B28D11D00007E75D9 /* PBXContainerItemProxy */ = {
			isa = PBXContainerItemProxy;
			containerPortal = EBD9BB7928D11CFE007E75D9 /* Project object */;
			proxyType = 1;
			remoteGlobalIDString = EBD9BB8028D11CFE007E75D9;
			remoteInfo = "AR Soccer Manager";
		};
		EBD9BBA528D11D00007E75D9 /* PBXContainerItemProxy */ = {
			isa = PBXContainerItemProxy;
			containerPortal = EBD9BB7928D11CFE007E75D9 /* Project object */;
			proxyType = 1;
			remoteGlobalIDString = EBD9BB8028D11CFE007E75D9;
			remoteInfo = "AR Soccer Manager";
		};
/* End PBXContainerItemProxy section */

/* Begin PBXFileReference section */
		17C964CB2925D121001362D7 /* MainVC.swift */ = {isa = PBXFileReference; lastKnownFileType = sourcecode.swift; path = MainVC.swift; sourceTree = "<group>"; };
		17C964CF2925E5CD001362D7 /* LeaguesVC.swift */ = {isa = PBXFileReference; lastKnownFileType = sourcecode.swift; path = LeaguesVC.swift; sourceTree = "<group>"; };
		17C964D12925E9E9001362D7 /* UserDefaultService.swift */ = {isa = PBXFileReference; lastKnownFileType = sourcecode.swift; path = UserDefaultService.swift; sourceTree = "<group>"; };
		C52A44022941870A007055BD /* WorldCupVC.swift */ = {isa = PBXFileReference; lastKnownFileType = sourcecode.swift; path = WorldCupVC.swift; sourceTree = "<group>"; };
		C52A44042941885C007055BD /* argen.png */ = {isa = PBXFileReference; lastKnownFileType = image.png; path = argen.png; sourceTree = "<group>"; };
		C52A44052941885C007055BD /* portugal.png */ = {isa = PBXFileReference; lastKnownFileType = image.png; path = portugal.png; sourceTree = "<group>"; };
		C552606728FB9F2600065A60 /* SimulationService.swift */ = {isa = PBXFileReference; fileEncoding = 4; lastKnownFileType = sourcecode.swift; path = SimulationService.swift; sourceTree = "<group>"; };
		C552606828FB9F2600065A60 /* ARViewController.swift */ = {isa = PBXFileReference; fileEncoding = 4; lastKnownFileType = sourcecode.swift; path = ARViewController.swift; sourceTree = "<group>"; };
		C552606B28FB9F3F00065A60 /* Experience.rcproject */ = {isa = PBXFileReference; lastKnownFileType = file.rcproject; path = Experience.rcproject; sourceTree = "<group>"; };
		C570100C292C77E100DA9B3B /* spinner.gif */ = {isa = PBXFileReference; lastKnownFileType = image.gif; path = spinner.gif; sourceTree = "<group>"; };
		EB0B2E3C292F0E60001C028E /* music.mp3 */ = {isa = PBXFileReference; lastKnownFileType = audio.mp3; path = music.mp3; sourceTree = "<group>"; };
		EB12172F2922E4AD00AD47D1 /* LoginVC.swift */ = {isa = PBXFileReference; lastKnownFileType = sourcecode.swift; path = LoginVC.swift; sourceTree = "<group>"; };
		EB12173129231F2D00AD47D1 /* SignupVC.swift */ = {isa = PBXFileReference; lastKnownFileType = sourcecode.swift; path = SignupVC.swift; sourceTree = "<group>"; };
		EB1F41D228DE032F006B2F94 /* return.png */ = {isa = PBXFileReference; lastKnownFileType = image.png; path = return.png; sourceTree = "<group>"; };
		EB1F41D428DE072F006B2F94 /* settings.png */ = {isa = PBXFileReference; lastKnownFileType = image.png; path = settings.png; sourceTree = "<group>"; };
		EB37FC1628D12C4500D7F714 /* CAMediaTimingFunction+AMExtension.swift */ = {isa = PBXFileReference; fileEncoding = 4; lastKnownFileType = sourcecode.swift; path = "CAMediaTimingFunction+AMExtension.swift"; sourceTree = "<group>"; };
		EB37FC5528D1767E00D7F714 /* vs.png */ = {isa = PBXFileReference; lastKnownFileType = image.png; path = vs.png; sourceTree = "<group>"; };
		EB37FC5728D1777200D7F714 /* Homebcg1.jpg */ = {isa = PBXFileReference; lastKnownFileType = image.jpeg; path = Homebcg1.jpg; sourceTree = "<group>"; };
		EB37FC5B28D1794100D7F714 /* Player.png */ = {isa = PBXFileReference; lastKnownFileType = image.png; path = Player.png; sourceTree = "<group>"; };
		EB37FC5D28D179F800D7F714 /* Whistle.png */ = {isa = PBXFileReference; lastKnownFileType = image.png; path = Whistle.png; sourceTree = "<group>"; };
		EB37FC5F28D17A7200D7F714 /* Sell.png */ = {isa = PBXFileReference; lastKnownFileType = image.png; path = Sell.png; sourceTree = "<group>"; };
		EB37FC6128D17AC900D7F714 /* Video.png */ = {isa = PBXFileReference; lastKnownFileType = image.png; path = Video.png; sourceTree = "<group>"; };
		EB37FC6328D17B8900D7F714 /* Rank.png */ = {isa = PBXFileReference; lastKnownFileType = image.png; path = Rank.png; sourceTree = "<group>"; };
		EB37FC6528D17E5D00D7F714 /* Barcelona.png */ = {isa = PBXFileReference; lastKnownFileType = image.png; path = Barcelona.png; sourceTree = "<group>"; };
		EB37FC6928D17EFD00D7F714 /* RM.png */ = {isa = PBXFileReference; lastKnownFileType = image.png; path = RM.png; sourceTree = "<group>"; };
		EB387143291F095300D3AFCF /* PickVC.swift */ = {isa = PBXFileReference; lastKnownFileType = sourcecode.swift; path = PickVC.swift; sourceTree = "<group>"; };
		EB3A074828D2735500869D70 /* HomeVC.swift */ = {isa = PBXFileReference; lastKnownFileType = sourcecode.swift; path = HomeVC.swift; sourceTree = "<group>"; };
		EB41DC6F2914E60800516B30 /* ResultVC.swift */ = {isa = PBXFileReference; lastKnownFileType = sourcecode.swift; path = ResultVC.swift; sourceTree = "<group>"; };
		EB647C6828D40E890000B8A3 /* Homebcg.jpg */ = {isa = PBXFileReference; lastKnownFileType = image.jpeg; path = Homebcg.jpg; sourceTree = "<group>"; };
		EB749CA228E3F16300BAAD15 /* avatar.png */ = {isa = PBXFileReference; lastKnownFileType = image.png; path = avatar.png; sourceTree = "<group>"; };
		EB749CA428EA5EC000BAAD15 /* play.png */ = {isa = PBXFileReference; lastKnownFileType = image.png; path = play.png; sourceTree = "<group>"; };
		EB749CA628EA67B500BAAD15 /* PaddingLabel.swift */ = {isa = PBXFileReference; lastKnownFileType = sourcecode.swift; path = PaddingLabel.swift; sourceTree = "<group>"; };
		EB749CAA28EA6CA600BAAD15 /* SettingsVC.swift */ = {isa = PBXFileReference; lastKnownFileType = sourcecode.swift; path = SettingsVC.swift; sourceTree = "<group>"; };
		EB749CAC28EA6E7300BAAD15 /* ProfileVC.swift */ = {isa = PBXFileReference; lastKnownFileType = sourcecode.swift; path = ProfileVC.swift; sourceTree = "<group>"; };
		EB749CAE28EA6EEF00BAAD15 /* LineupVC.swift */ = {isa = PBXFileReference; lastKnownFileType = sourcecode.swift; path = LineupVC.swift; sourceTree = "<group>"; };
		EBD9BB8128D11CFE007E75D9 /* AR Soccer Manager.app */ = {isa = PBXFileReference; explicitFileType = wrapper.application; includeInIndex = 0; path = "AR Soccer Manager.app"; sourceTree = BUILT_PRODUCTS_DIR; };
		EBD9BB8428D11CFE007E75D9 /* AppDelegate.swift */ = {isa = PBXFileReference; lastKnownFileType = sourcecode.swift; path = AppDelegate.swift; sourceTree = "<group>"; };
		EBD9BB8B28D11CFE007E75D9 /* Base */ = {isa = PBXFileReference; lastKnownFileType = file.storyboard; name = Base; path = Base.lproj/Main.storyboard; sourceTree = "<group>"; };
		EBD9BB8E28D11CFE007E75D9 /* AR_Soccer_Manager.xcdatamodel */ = {isa = PBXFileReference; lastKnownFileType = wrapper.xcdatamodel; path = AR_Soccer_Manager.xcdatamodel; sourceTree = "<group>"; };
		EBD9BB9028D11D00007E75D9 /* Assets.xcassets */ = {isa = PBXFileReference; lastKnownFileType = folder.assetcatalog; path = Assets.xcassets; sourceTree = "<group>"; };
		EBD9BB9328D11D00007E75D9 /* Base */ = {isa = PBXFileReference; lastKnownFileType = file.storyboard; name = Base; path = Base.lproj/LaunchScreen.storyboard; sourceTree = "<group>"; };
		EBD9BB9A28D11D00007E75D9 /* AR Soccer ManagerTests.xctest */ = {isa = PBXFileReference; explicitFileType = wrapper.cfbundle; includeInIndex = 0; path = "AR Soccer ManagerTests.xctest"; sourceTree = BUILT_PRODUCTS_DIR; };
		EBD9BB9E28D11D00007E75D9 /* AR_Soccer_ManagerTests.swift */ = {isa = PBXFileReference; lastKnownFileType = sourcecode.swift; path = AR_Soccer_ManagerTests.swift; sourceTree = "<group>"; };
		EBD9BBA428D11D00007E75D9 /* AR Soccer ManagerUITests.xctest */ = {isa = PBXFileReference; explicitFileType = wrapper.cfbundle; includeInIndex = 0; path = "AR Soccer ManagerUITests.xctest"; sourceTree = BUILT_PRODUCTS_DIR; };
		EBD9BBA828D11D00007E75D9 /* AR_Soccer_ManagerUITests.swift */ = {isa = PBXFileReference; lastKnownFileType = sourcecode.swift; path = AR_Soccer_ManagerUITests.swift; sourceTree = "<group>"; };
		EBD9BBAA28D11D00007E75D9 /* AR_Soccer_ManagerUITestsLaunchTests.swift */ = {isa = PBXFileReference; lastKnownFileType = sourcecode.swift; path = AR_Soccer_ManagerUITestsLaunchTests.swift; sourceTree = "<group>"; };
		EBD9BBBC28D122C3007E75D9 /* SceneDelegate.swift */ = {isa = PBXFileReference; fileEncoding = 4; lastKnownFileType = sourcecode.swift; path = SceneDelegate.swift; sourceTree = "<group>"; };
		EBD9BBC228D12393007E75D9 /* SlideMenuMainViewController.swift */ = {isa = PBXFileReference; fileEncoding = 4; lastKnownFileType = sourcecode.swift; path = SlideMenuMainViewController.swift; sourceTree = "<group>"; };
		EBD9BBC928D123B0007E75D9 /* UIViewController+AMExtension.swift */ = {isa = PBXFileReference; lastKnownFileType = sourcecode.swift; path = "UIViewController+AMExtension.swift"; sourceTree = "<group>"; };
		EBD9BBCB28D123B4007E75D9 /* BlurryOverlayView.swift */ = {isa = PBXFileReference; lastKnownFileType = sourcecode.swift; path = BlurryOverlayView.swift; sourceTree = "<group>"; };
		EBD9BBCD28D123B8007E75D9 /* RightMenuSegue.swift */ = {isa = PBXFileReference; lastKnownFileType = sourcecode.swift; path = RightMenuSegue.swift; sourceTree = "<group>"; };
		EBD9BBCE28D123B8007E75D9 /* ContentSegue.swift */ = {isa = PBXFileReference; lastKnownFileType = sourcecode.swift; path = ContentSegue.swift; sourceTree = "<group>"; };
		EBD9BBCF28D123B8007E75D9 /* LeftMenuSegue.swift */ = {isa = PBXFileReference; lastKnownFileType = sourcecode.swift; path = LeftMenuSegue.swift; sourceTree = "<group>"; };
		EBD9BBD128D123C0007E75D9 /* SlidingAnimatorProtocol.swift */ = {isa = PBXFileReference; lastKnownFileType = sourcecode.swift; path = SlidingAnimatorProtocol.swift; sourceTree = "<group>"; };
		EBD9BBD328D123C0007E75D9 /* SlidingContentAnimator.swift */ = {isa = PBXFileReference; lastKnownFileType = sourcecode.swift; path = SlidingContentAnimator.swift; sourceTree = "<group>"; };
		EBD9BBD428D123C0007E75D9 /* SlidingShadowAnimator.swift */ = {isa = PBXFileReference; lastKnownFileType = sourcecode.swift; path = SlidingShadowAnimator.swift; sourceTree = "<group>"; };
		EBD9BBD528D123C0007E75D9 /* SlidingBlurAnimator.swift */ = {isa = PBXFileReference; lastKnownFileType = sourcecode.swift; path = SlidingBlurAnimator.swift; sourceTree = "<group>"; };
		EBD9BBD628D123C0007E75D9 /* SlidingStandardAnimator.swift */ = {isa = PBXFileReference; lastKnownFileType = sourcecode.swift; path = SlidingStandardAnimator.swift; sourceTree = "<group>"; };
		EBD9BBD728D123C0007E75D9 /* SlidingGroupAnimator.swift */ = {isa = PBXFileReference; lastKnownFileType = sourcecode.swift; path = SlidingGroupAnimator.swift; sourceTree = "<group>"; };
		EBD9BBD828D123C0007E75D9 /* SlidingDimmedBackgroundAnimator.swift */ = {isa = PBXFileReference; lastKnownFileType = sourcecode.swift; path = SlidingDimmedBackgroundAnimator.swift; sourceTree = "<group>"; };
		EBD9BBD928D123C0007E75D9 /* SlidingContentShadowAnimator.swift */ = {isa = PBXFileReference; lastKnownFileType = sourcecode.swift; path = SlidingContentShadowAnimator.swift; sourceTree = "<group>"; };
		EBD9BBDA28D123C0007E75D9 /* SlidingFixedMenuAnimator.swift */ = {isa = PBXFileReference; lastKnownFileType = sourcecode.swift; path = SlidingFixedMenuAnimator.swift; sourceTree = "<group>"; };
		EBD9BBDB28D123C0007E75D9 /* SlidingAnimationOptions.swift */ = {isa = PBXFileReference; lastKnownFileType = sourcecode.swift; path = SlidingAnimationOptions.swift; sourceTree = "<group>"; };
		EBD9BBDC28D123C0007E75D9 /* SlidingAnimatorFactory.swift */ = {isa = PBXFileReference; lastKnownFileType = sourcecode.swift; path = SlidingAnimatorFactory.swift; sourceTree = "<group>"; };
		EBDC118B2932D06D0081B03E /* logo.jpeg */ = {isa = PBXFileReference; lastKnownFileType = image.jpeg; path = logo.jpeg; sourceTree = "<group>"; };
		EBDC11912932D9050081B03E /* title.png */ = {isa = PBXFileReference; lastKnownFileType = image.png; path = title.png; sourceTree = "<group>"; };
		EBE5588A2913731700B8B68C /* 1.png */ = {isa = PBXFileReference; lastKnownFileType = image.png; path = 1.png; sourceTree = "<group>"; };
		EBEE0D8A29256CE200F13C93 /* TradeVC.swift */ = {isa = PBXFileReference; lastKnownFileType = sourcecode.swift; path = TradeVC.swift; sourceTree = "<group>"; };
		EBF59DB228F8F6F000CE4A14 /* GoogleService-Info.plist */ = {isa = PBXFileReference; fileEncoding = 4; lastKnownFileType = text.plist.xml; path = "GoogleService-Info.plist"; sourceTree = "<group>"; };
		EBF59DCF28F907EC00CE4A14 /* PickerVC.swift */ = {isa = PBXFileReference; lastKnownFileType = sourcecode.swift; path = PickerVC.swift; sourceTree = "<group>"; };
		EBF59DD428F912EB00CE4A14 /* Club.swift */ = {isa = PBXFileReference; lastKnownFileType = sourcecode.swift; path = Club.swift; sourceTree = "<group>"; };
/* End PBXFileReference section */

/* Begin PBXFrameworksBuildPhase section */
		EBD9BB7E28D11CFE007E75D9 /* Frameworks */ = {
			isa = PBXFrameworksBuildPhase;
			buildActionMask = 2147483647;
			files = (
				EB201293292DD3F30006FBD2 /* FirebaseDatabase in Frameworks */,
				EB2012A1292DD3F30006FBD2 /* FirebaseFunctionsCombine-Community in Frameworks */,
				EB201299292DD3F30006FBD2 /* FirebaseFirestore in Frameworks */,
				EB201285292DD3F30006FBD2 /* FirebaseAnalyticsSwift in Frameworks */,
				EB201281292DD3F30006FBD2 /* FirebaseAnalytics in Frameworks */,
				EB2012BE292DD98B0006FBD2 /* FacebookShare in Frameworks */,
				EB201283292DD3F30006FBD2 /* FirebaseAnalyticsOnDeviceConversion in Frameworks */,
				EB2012A9292DD3F30006FBD2 /* FirebaseMLModelDownloader in Frameworks */,
				EB20129D292DD3F30006FBD2 /* FirebaseFirestoreSwift in Frameworks */,
				EB2012BA292DD98B0006FBD2 /* FacebookGamingServices in Frameworks */,
				EB201289292DD3F30006FBD2 /* FirebaseAppCheck in Frameworks */,
				EB201287292DD3F30006FBD2 /* FirebaseAnalyticsWithoutAdIdSupport in Frameworks */,
				EB20128D292DD3F30006FBD2 /* FirebaseAuth in Frameworks */,
				EB201291292DD3F30006FBD2 /* FirebaseCrashlytics in Frameworks */,
				EB2012B1292DD3F30006FBD2 /* FirebaseRemoteConfigSwift in Frameworks */,
				EB2012A3292DD3F30006FBD2 /* FirebaseInAppMessaging-Beta in Frameworks */,
				EB201295292DD3F30006FBD2 /* FirebaseDatabaseSwift in Frameworks */,
				EB20129F292DD3F30006FBD2 /* FirebaseFunctions in Frameworks */,
				EB2012B5292DD3F30006FBD2 /* FirebaseStorageCombine-Community in Frameworks */,
				EB2012AF292DD3F30006FBD2 /* FirebaseRemoteConfig in Frameworks */,
				EB20128B292DD3F30006FBD2 /* FirebaseAppDistribution-Beta in Frameworks */,
				EB2012BC292DD98B0006FBD2 /* FacebookLogin in Frameworks */,
				EB20128F292DD3F30006FBD2 /* FirebaseAuthCombine-Community in Frameworks */,
				EB2012AD292DD3F30006FBD2 /* FirebasePerformance in Frameworks */,
				EB2012A5292DD3F30006FBD2 /* FirebaseInAppMessagingSwift-Beta in Frameworks */,
				EB2012B3292DD3F30006FBD2 /* FirebaseStorage in Frameworks */,
				EB2012B8292DD98B0006FBD2 /* FacebookCore in Frameworks */,
				EB201297292DD3F30006FBD2 /* FirebaseDynamicLinks in Frameworks */,
				EB20129B292DD3F30006FBD2 /* FirebaseFirestoreCombine-Community in Frameworks */,
				EB2012AB292DD3F30006FBD2 /* FirebaseMessaging in Frameworks */,
				EB2012A7292DD3F30006FBD2 /* FirebaseInstallations in Frameworks */,
			);
			runOnlyForDeploymentPostprocessing = 0;
		};
		EBD9BB9728D11D00007E75D9 /* Frameworks */ = {
			isa = PBXFrameworksBuildPhase;
			buildActionMask = 2147483647;
			files = (
			);
			runOnlyForDeploymentPostprocessing = 0;
		};
		EBD9BBA128D11D00007E75D9 /* Frameworks */ = {
			isa = PBXFrameworksBuildPhase;
			buildActionMask = 2147483647;
			files = (
			);
			runOnlyForDeploymentPostprocessing = 0;
		};
/* End PBXFrameworksBuildPhase section */

/* Begin PBXGroup section */
		EB0B2E3B292F0E4D001C028E /* Music */ = {
			isa = PBXGroup;
			children = (
				EB0B2E3C292F0E60001C028E /* music.mp3 */,
			);
			path = Music;
			sourceTree = "<group>";
		};
		EB37FC4828D15F9800D7F714 /* Images */ = {
			isa = PBXGroup;
			children = (
				C52A44042941885C007055BD /* argen.png */,
				C52A44052941885C007055BD /* portugal.png */,
				C570100C292C77E100DA9B3B /* spinner.gif */,
				EBDC118B2932D06D0081B03E /* logo.jpeg */,
				EBDC11912932D9050081B03E /* title.png */,
				EBE5588A2913731700B8B68C /* 1.png */,
				EB749CA428EA5EC000BAAD15 /* play.png */,
				EB749CA228E3F16300BAAD15 /* avatar.png */,
				EB1F41D428DE072F006B2F94 /* settings.png */,
				EB1F41D228DE032F006B2F94 /* return.png */,
				EB647C6828D40E890000B8A3 /* Homebcg.jpg */,
				EB37FC6928D17EFD00D7F714 /* RM.png */,
				EB37FC6528D17E5D00D7F714 /* Barcelona.png */,
				EB37FC6328D17B8900D7F714 /* Rank.png */,
				EB37FC6128D17AC900D7F714 /* Video.png */,
				EB37FC5F28D17A7200D7F714 /* Sell.png */,
				EB37FC5D28D179F800D7F714 /* Whistle.png */,
				EB37FC5B28D1794100D7F714 /* Player.png */,
				EB37FC5728D1777200D7F714 /* Homebcg1.jpg */,
				EB37FC5528D1767E00D7F714 /* vs.png */,
			);
			path = Images;
			sourceTree = "<group>";
		};
		EB3A074728D2690200869D70 /* View Controller */ = {
			isa = PBXGroup;
			children = (
				C552606B28FB9F3F00065A60 /* Experience.rcproject */,
				C552606828FB9F2600065A60 /* ARViewController.swift */,
				EB3A074828D2735500869D70 /* HomeVC.swift */,
				EB749CAA28EA6CA600BAAD15 /* SettingsVC.swift */,
				EB749CAC28EA6E7300BAAD15 /* ProfileVC.swift */,
				EB749CAE28EA6EEF00BAAD15 /* LineupVC.swift */,
				EBF59DCF28F907EC00CE4A14 /* PickerVC.swift */,
				EB41DC6F2914E60800516B30 /* ResultVC.swift */,
				EB387143291F095300D3AFCF /* PickVC.swift */,
				EB12172F2922E4AD00AD47D1 /* LoginVC.swift */,
				EB12173129231F2D00AD47D1 /* SignupVC.swift */,
				EBEE0D8A29256CE200F13C93 /* TradeVC.swift */,
				17C964CB2925D121001362D7 /* MainVC.swift */,
				17C964CF2925E5CD001362D7 /* LeaguesVC.swift */,
				C52A44022941870A007055BD /* WorldCupVC.swift */,
			);
			path = "View Controller";
			sourceTree = "<group>";
		};
		EBD9BB7828D11CFE007E75D9 = {
			isa = PBXGroup;
			children = (
				EBD9BB8328D11CFE007E75D9 /* AR Soccer Manager */,
				EBD9BB9D28D11D00007E75D9 /* AR Soccer ManagerTests */,
				EBD9BBA728D11D00007E75D9 /* AR Soccer ManagerUITests */,
				EBD9BB8228D11CFE007E75D9 /* Products */,
			);
			sourceTree = "<group>";
		};
		EBD9BB8228D11CFE007E75D9 /* Products */ = {
			isa = PBXGroup;
			children = (
				EBD9BB8128D11CFE007E75D9 /* AR Soccer Manager.app */,
				EBD9BB9A28D11D00007E75D9 /* AR Soccer ManagerTests.xctest */,
				EBD9BBA428D11D00007E75D9 /* AR Soccer ManagerUITests.xctest */,
			);
			name = Products;
			sourceTree = "<group>";
		};
		EBD9BB8328D11CFE007E75D9 /* AR Soccer Manager */ = {
			isa = PBXGroup;
			children = (
				EB0B2E3B292F0E4D001C028E /* Music */,
				EBF59DD328F912DE00CE4A14 /* Model */,
				EBF59DB228F8F6F000CE4A14 /* GoogleService-Info.plist */,
				EBD9BBBB28D11D7D007E75D9 /* Views */,
				EB3A074728D2690200869D70 /* View Controller */,
				EBD9BBBE28D12364007E75D9 /* Functions */,
				EB37FC4828D15F9800D7F714 /* Images */,
				EBD9BB8428D11CFE007E75D9 /* AppDelegate.swift */,
				EBD9BBBC28D122C3007E75D9 /* SceneDelegate.swift */,
				EBD9BB9028D11D00007E75D9 /* Assets.xcassets */,
				EBD9BB8D28D11CFE007E75D9 /* AR_Soccer_Manager.xcdatamodeld */,
			);
			path = "AR Soccer Manager";
			sourceTree = "<group>";
		};
		EBD9BB9D28D11D00007E75D9 /* AR Soccer ManagerTests */ = {
			isa = PBXGroup;
			children = (
				EBD9BB9E28D11D00007E75D9 /* AR_Soccer_ManagerTests.swift */,
			);
			path = "AR Soccer ManagerTests";
			sourceTree = "<group>";
		};
		EBD9BBA728D11D00007E75D9 /* AR Soccer ManagerUITests */ = {
			isa = PBXGroup;
			children = (
				EBD9BBA828D11D00007E75D9 /* AR_Soccer_ManagerUITests.swift */,
				EBD9BBAA28D11D00007E75D9 /* AR_Soccer_ManagerUITestsLaunchTests.swift */,
			);
			path = "AR Soccer ManagerUITests";
			sourceTree = "<group>";
		};
		EBD9BBBB28D11D7D007E75D9 /* Views */ = {
			isa = PBXGroup;
			children = (
				EBD9BB8A28D11CFE007E75D9 /* Main.storyboard */,
				EBD9BB9228D11D00007E75D9 /* LaunchScreen.storyboard */,
			);
			path = Views;
			sourceTree = "<group>";
		};
		EBD9BBBE28D12364007E75D9 /* Functions */ = {
			isa = PBXGroup;
			children = (
				EBD9BBC128D12388007E75D9 /* SlideMenu */,
				EB749CA628EA67B500BAAD15 /* PaddingLabel.swift */,
				C552606728FB9F2600065A60 /* SimulationService.swift */,
				17C964D12925E9E9001362D7 /* UserDefaultService.swift */,
			);
			path = Functions;
			sourceTree = "<group>";
		};
		EBD9BBC128D12388007E75D9 /* SlideMenu */ = {
			isa = PBXGroup;
			children = (
				EBD9BBC228D12393007E75D9 /* SlideMenuMainViewController.swift */,
				EBD9BBD028D123C0007E75D9 /* Animation */,
				EBD9BBCC28D123B8007E75D9 /* Segues */,
				EBD9BBCA28D123B4007E75D9 /* CustomVisualEffectView */,
				EBD9BBC828D123B0007E75D9 /* Extensions */,
			);
			path = SlideMenu;
			sourceTree = "<group>";
		};
		EBD9BBC828D123B0007E75D9 /* Extensions */ = {
			isa = PBXGroup;
			children = (
				EBD9BBC928D123B0007E75D9 /* UIViewController+AMExtension.swift */,
			);
			path = Extensions;
			sourceTree = "<group>";
		};
		EBD9BBCA28D123B4007E75D9 /* CustomVisualEffectView */ = {
			isa = PBXGroup;
			children = (
				EBD9BBCB28D123B4007E75D9 /* BlurryOverlayView.swift */,
			);
			path = CustomVisualEffectView;
			sourceTree = "<group>";
		};
		EBD9BBCC28D123B8007E75D9 /* Segues */ = {
			isa = PBXGroup;
			children = (
				EBD9BBCD28D123B8007E75D9 /* RightMenuSegue.swift */,
				EBD9BBCE28D123B8007E75D9 /* ContentSegue.swift */,
				EBD9BBCF28D123B8007E75D9 /* LeftMenuSegue.swift */,
			);
			path = Segues;
			sourceTree = "<group>";
		};
		EBD9BBD028D123C0007E75D9 /* Animation */ = {
			isa = PBXGroup;
			children = (
				EB37FC1628D12C4500D7F714 /* CAMediaTimingFunction+AMExtension.swift */,
				EBD9BBDB28D123C0007E75D9 /* SlidingAnimationOptions.swift */,
				EBD9BBD128D123C0007E75D9 /* SlidingAnimatorProtocol.swift */,
				EBD9BBD228D123C0007E75D9 /* Animators */,
			);
			path = Animation;
			sourceTree = "<group>";
		};
		EBD9BBD228D123C0007E75D9 /* Animators */ = {
			isa = PBXGroup;
			children = (
				EBD9BBDC28D123C0007E75D9 /* SlidingAnimatorFactory.swift */,
				EBD9BBD328D123C0007E75D9 /* SlidingContentAnimator.swift */,
				EBD9BBD428D123C0007E75D9 /* SlidingShadowAnimator.swift */,
				EBD9BBD528D123C0007E75D9 /* SlidingBlurAnimator.swift */,
				EBD9BBD628D123C0007E75D9 /* SlidingStandardAnimator.swift */,
				EBD9BBD728D123C0007E75D9 /* SlidingGroupAnimator.swift */,
				EBD9BBD828D123C0007E75D9 /* SlidingDimmedBackgroundAnimator.swift */,
				EBD9BBD928D123C0007E75D9 /* SlidingContentShadowAnimator.swift */,
				EBD9BBDA28D123C0007E75D9 /* SlidingFixedMenuAnimator.swift */,
			);
			path = Animators;
			sourceTree = "<group>";
		};
		EBF59DD328F912DE00CE4A14 /* Model */ = {
			isa = PBXGroup;
			children = (
				EBF59DD428F912EB00CE4A14 /* Club.swift */,
			);
			path = Model;
			sourceTree = "<group>";
		};
/* End PBXGroup section */

/* Begin PBXNativeTarget section */
		EBD9BB8028D11CFE007E75D9 /* AR Soccer Manager */ = {
			isa = PBXNativeTarget;
			buildConfigurationList = EBD9BBAE28D11D00007E75D9 /* Build configuration list for PBXNativeTarget "AR Soccer Manager" */;
			buildPhases = (
				EBD9BB7D28D11CFE007E75D9 /* Sources */,
				EBD9BB7E28D11CFE007E75D9 /* Frameworks */,
				EBD9BB7F28D11CFE007E75D9 /* Resources */,
			);
			buildRules = (
			);
			dependencies = (
			);
			name = "AR Soccer Manager";
			packageProductDependencies = (
				EB201280292DD3F30006FBD2 /* FirebaseAnalytics */,
				EB201282292DD3F30006FBD2 /* FirebaseAnalyticsOnDeviceConversion */,
				EB201284292DD3F30006FBD2 /* FirebaseAnalyticsSwift */,
				EB201286292DD3F30006FBD2 /* FirebaseAnalyticsWithoutAdIdSupport */,
				EB201288292DD3F30006FBD2 /* FirebaseAppCheck */,
				EB20128A292DD3F30006FBD2 /* FirebaseAppDistribution-Beta */,
				EB20128C292DD3F30006FBD2 /* FirebaseAuth */,
				EB20128E292DD3F30006FBD2 /* FirebaseAuthCombine-Community */,
				EB201290292DD3F30006FBD2 /* FirebaseCrashlytics */,
				EB201292292DD3F30006FBD2 /* FirebaseDatabase */,
				EB201294292DD3F30006FBD2 /* FirebaseDatabaseSwift */,
				EB201296292DD3F30006FBD2 /* FirebaseDynamicLinks */,
				EB201298292DD3F30006FBD2 /* FirebaseFirestore */,
				EB20129A292DD3F30006FBD2 /* FirebaseFirestoreCombine-Community */,
				EB20129C292DD3F30006FBD2 /* FirebaseFirestoreSwift */,
				EB20129E292DD3F30006FBD2 /* FirebaseFunctions */,
				EB2012A0292DD3F30006FBD2 /* FirebaseFunctionsCombine-Community */,
				EB2012A2292DD3F30006FBD2 /* FirebaseInAppMessaging-Beta */,
				EB2012A4292DD3F30006FBD2 /* FirebaseInAppMessagingSwift-Beta */,
				EB2012A6292DD3F30006FBD2 /* FirebaseInstallations */,
				EB2012A8292DD3F30006FBD2 /* FirebaseMLModelDownloader */,
				EB2012AA292DD3F30006FBD2 /* FirebaseMessaging */,
				EB2012AC292DD3F30006FBD2 /* FirebasePerformance */,
				EB2012AE292DD3F30006FBD2 /* FirebaseRemoteConfig */,
				EB2012B0292DD3F30006FBD2 /* FirebaseRemoteConfigSwift */,
				EB2012B2292DD3F30006FBD2 /* FirebaseStorage */,
				EB2012B4292DD3F30006FBD2 /* FirebaseStorageCombine-Community */,
				EB2012B7292DD98B0006FBD2 /* FacebookCore */,
				EB2012B9292DD98B0006FBD2 /* FacebookGamingServices */,
				EB2012BB292DD98B0006FBD2 /* FacebookLogin */,
				EB2012BD292DD98B0006FBD2 /* FacebookShare */,
			);
			productName = "AR Soccer Manager";
			productReference = EBD9BB8128D11CFE007E75D9 /* AR Soccer Manager.app */;
			productType = "com.apple.product-type.application";
		};
		EBD9BB9928D11D00007E75D9 /* AR Soccer ManagerTests */ = {
			isa = PBXNativeTarget;
			buildConfigurationList = EBD9BBB128D11D00007E75D9 /* Build configuration list for PBXNativeTarget "AR Soccer ManagerTests" */;
			buildPhases = (
				EBD9BB9628D11D00007E75D9 /* Sources */,
				EBD9BB9728D11D00007E75D9 /* Frameworks */,
				EBD9BB9828D11D00007E75D9 /* Resources */,
			);
			buildRules = (
			);
			dependencies = (
				EBD9BB9C28D11D00007E75D9 /* PBXTargetDependency */,
			);
			name = "AR Soccer ManagerTests";
			productName = "AR Soccer ManagerTests";
			productReference = EBD9BB9A28D11D00007E75D9 /* AR Soccer ManagerTests.xctest */;
			productType = "com.apple.product-type.bundle.unit-test";
		};
		EBD9BBA328D11D00007E75D9 /* AR Soccer ManagerUITests */ = {
			isa = PBXNativeTarget;
			buildConfigurationList = EBD9BBB428D11D00007E75D9 /* Build configuration list for PBXNativeTarget "AR Soccer ManagerUITests" */;
			buildPhases = (
				EBD9BBA028D11D00007E75D9 /* Sources */,
				EBD9BBA128D11D00007E75D9 /* Frameworks */,
				EBD9BBA228D11D00007E75D9 /* Resources */,
			);
			buildRules = (
			);
			dependencies = (
				EBD9BBA628D11D00007E75D9 /* PBXTargetDependency */,
			);
			name = "AR Soccer ManagerUITests";
			productName = "AR Soccer ManagerUITests";
			productReference = EBD9BBA428D11D00007E75D9 /* AR Soccer ManagerUITests.xctest */;
			productType = "com.apple.product-type.bundle.ui-testing";
		};
/* End PBXNativeTarget section */

/* Begin PBXProject section */
		EBD9BB7928D11CFE007E75D9 /* Project object */ = {
			isa = PBXProject;
			attributes = {
				BuildIndependentTargetsInParallel = 1;
				LastSwiftUpdateCheck = 1400;
				LastUpgradeCheck = 1400;
				TargetAttributes = {
					EBD9BB8028D11CFE007E75D9 = {
						CreatedOnToolsVersion = 14.0;
					};
					EBD9BB9928D11D00007E75D9 = {
						CreatedOnToolsVersion = 14.0;
						TestTargetID = EBD9BB8028D11CFE007E75D9;
					};
					EBD9BBA328D11D00007E75D9 = {
						CreatedOnToolsVersion = 14.0;
						TestTargetID = EBD9BB8028D11CFE007E75D9;
					};
				};
			};
			buildConfigurationList = EBD9BB7C28D11CFE007E75D9 /* Build configuration list for PBXProject "AR Soccer Manager" */;
			compatibilityVersion = "Xcode 14.0";
			developmentRegion = en;
			hasScannedForEncodings = 0;
			knownRegions = (
				en,
				Base,
			);
			mainGroup = EBD9BB7828D11CFE007E75D9;
			packageReferences = (
				EB20127F292DD3F30006FBD2 /* XCRemoteSwiftPackageReference "firebase-ios-sdk" */,
				EB2012B6292DD98B0006FBD2 /* XCRemoteSwiftPackageReference "facebook-ios-sdk" */,
			);
			productRefGroup = EBD9BB8228D11CFE007E75D9 /* Products */;
			projectDirPath = "";
			projectRoot = "";
			targets = (
				EBD9BB8028D11CFE007E75D9 /* AR Soccer Manager */,
				EBD9BB9928D11D00007E75D9 /* AR Soccer ManagerTests */,
				EBD9BBA328D11D00007E75D9 /* AR Soccer ManagerUITests */,
			);
		};
/* End PBXProject section */

/* Begin PBXResourcesBuildPhase section */
		EBD9BB7F28D11CFE007E75D9 /* Resources */ = {
			isa = PBXResourcesBuildPhase;
			buildActionMask = 2147483647;
			files = (
				EBDC11922932D9050081B03E /* title.png in Resources */,
				C52A44062941885C007055BD /* argen.png in Resources */,
				C570100D292C77E100DA9B3B /* spinner.gif in Resources */,
				EB1F41D528DE072F006B2F94 /* settings.png in Resources */,
				EB37FC5628D1767E00D7F714 /* vs.png in Resources */,
				EBD9BB9428D11D00007E75D9 /* LaunchScreen.storyboard in Resources */,
				EB37FC6A28D17EFD00D7F714 /* RM.png in Resources */,
				EB37FC6228D17AC900D7F714 /* Video.png in Resources */,
				EBDC118C2932D06D0081B03E /* logo.jpeg in Resources */,
				EB1F41D328DE032F006B2F94 /* return.png in Resources */,
				EBD9BB9128D11D00007E75D9 /* Assets.xcassets in Resources */,
				C52A44072941885C007055BD /* portugal.png in Resources */,
				EB647C6928D40E890000B8A3 /* Homebcg.jpg in Resources */,
				EB0B2E3D292F0E60001C028E /* music.mp3 in Resources */,
				EBE5588B2913731700B8B68C /* 1.png in Resources */,
				EB37FC6628D17E5D00D7F714 /* Barcelona.png in Resources */,
				EB37FC6028D17A7200D7F714 /* Sell.png in Resources */,
				EB749CA528EA5EC000BAAD15 /* play.png in Resources */,
				EB37FC5C28D1794100D7F714 /* Player.png in Resources */,
				EB37FC5828D1777200D7F714 /* Homebcg1.jpg in Resources */,
				EB749CA328E3F16300BAAD15 /* avatar.png in Resources */,
				EB37FC6428D17B8900D7F714 /* Rank.png in Resources */,
				EBF59DB328F8F6F000CE4A14 /* GoogleService-Info.plist in Resources */,
				EB37FC5E28D179F900D7F714 /* Whistle.png in Resources */,
				EBD9BB8C28D11CFE007E75D9 /* Main.storyboard in Resources */,
			);
			runOnlyForDeploymentPostprocessing = 0;
		};
		EBD9BB9828D11D00007E75D9 /* Resources */ = {
			isa = PBXResourcesBuildPhase;
			buildActionMask = 2147483647;
			files = (
				EBF59DB428F8F6F000CE4A14 /* GoogleService-Info.plist in Resources */,
			);
			runOnlyForDeploymentPostprocessing = 0;
		};
		EBD9BBA228D11D00007E75D9 /* Resources */ = {
			isa = PBXResourcesBuildPhase;
			buildActionMask = 2147483647;
			files = (
				EBF59DB528F8F6F000CE4A14 /* GoogleService-Info.plist in Resources */,
			);
			runOnlyForDeploymentPostprocessing = 0;
		};
/* End PBXResourcesBuildPhase section */

/* Begin PBXSourcesBuildPhase section */
		EBD9BB7D28D11CFE007E75D9 /* Sources */ = {
			isa = PBXSourcesBuildPhase;
			buildActionMask = 2147483647;
			files = (
				EBF59DD028F907EC00CE4A14 /* PickerVC.swift in Sources */,
				EB12173229231F2D00AD47D1 /* SignupVC.swift in Sources */,
				EB37FC1928D12C7400D7F714 /* SlidingDimmedBackgroundAnimator.swift in Sources */,
				EB37FC1F28D12C7400D7F714 /* SlidingFixedMenuAnimator.swift in Sources */,
				EB37FC1B28D12C7400D7F714 /* SlidingContentShadowAnimator.swift in Sources */,
				EB1217302922E4AD00AD47D1 /* LoginVC.swift in Sources */,
				EB37FC1D28D12C7400D7F714 /* SlidingStandardAnimator.swift in Sources */,
				EBEE0D8B29256CE200F13C93 /* TradeVC.swift in Sources */,
				EBD9BBC328D12393007E75D9 /* SlideMenuMainViewController.swift in Sources */,
				EB37FC1A28D12C7400D7F714 /* SlidingBlurAnimator.swift in Sources */,
				C552606928FB9F2600065A60 /* SimulationService.swift in Sources */,
				EBD9BB8F28D11CFE007E75D9 /* AR_Soccer_Manager.xcdatamodeld in Sources */,
				EB37FC1E28D12C7400D7F714 /* SlidingGroupAnimator.swift in Sources */,
				EB37FC2428D12CCB00D7F714 /* BlurryOverlayView.swift in Sources */,
				17C964CC2925D121001362D7 /* MainVC.swift in Sources */,
				EB37FC2328D12CAD00D7F714 /* UIViewController+AMExtension.swift in Sources */,
				EB749CAF28EA6EEF00BAAD15 /* LineupVC.swift in Sources */,
				EB749CA728EA67B500BAAD15 /* PaddingLabel.swift in Sources */,
				EB37FC1328D12BFA00D7F714 /* SlidingAnimatorProtocol.swift in Sources */,
				EB749CAB28EA6CA600BAAD15 /* SettingsVC.swift in Sources */,
				EB387144291F095300D3AFCF /* PickVC.swift in Sources */,
				EB37FC1C28D12C7400D7F714 /* SlidingShadowAnimator.swift in Sources */,
				EB3A074928D2735500869D70 /* HomeVC.swift in Sources */,
				EB37FC2228D12C9700D7F714 /* LeftMenuSegue.swift in Sources */,
				C552606A28FB9F2600065A60 /* ARViewController.swift in Sources */,
				C552606C28FB9F3F00065A60 /* Experience.rcproject in Sources */,
				EB37FC1728D12C4500D7F714 /* CAMediaTimingFunction+AMExtension.swift in Sources */,
				EB41DC702914E60800516B30 /* ResultVC.swift in Sources */,
				EB37FC1528D12C0800D7F714 /* SlidingAnimatorFactory.swift in Sources */,
				17C964D22925E9E9001362D7 /* UserDefaultService.swift in Sources */,
				EB37FC2028D12C9700D7F714 /* RightMenuSegue.swift in Sources */,
				EBF59DD528F912EB00CE4A14 /* Club.swift in Sources */,
				EB749CAD28EA6E7300BAAD15 /* ProfileVC.swift in Sources */,
				EB37FC2128D12C9700D7F714 /* ContentSegue.swift in Sources */,
				EB37FC1428D12C0600D7F714 /* SlidingAnimationOptions.swift in Sources */,
				EB37FC1828D12C7400D7F714 /* SlidingContentAnimator.swift in Sources */,
				C52A44032941870A007055BD /* WorldCupVC.swift in Sources */,
				17C964D02925E5CD001362D7 /* LeaguesVC.swift in Sources */,
				EBD9BB8528D11CFE007E75D9 /* AppDelegate.swift in Sources */,
				EBD9BBBD28D122C3007E75D9 /* SceneDelegate.swift in Sources */,
			);
			runOnlyForDeploymentPostprocessing = 0;
		};
		EBD9BB9628D11D00007E75D9 /* Sources */ = {
			isa = PBXSourcesBuildPhase;
			buildActionMask = 2147483647;
			files = (
				EBF59DD128F907EC00CE4A14 /* PickerVC.swift in Sources */,
				EBF59DD628F912EB00CE4A14 /* Club.swift in Sources */,
				EBD9BB9F28D11D00007E75D9 /* AR_Soccer_ManagerTests.swift in Sources */,
			);
			runOnlyForDeploymentPostprocessing = 0;
		};
		EBD9BBA028D11D00007E75D9 /* Sources */ = {
			isa = PBXSourcesBuildPhase;
			buildActionMask = 2147483647;
			files = (
				EBF59DD228F907EC00CE4A14 /* PickerVC.swift in Sources */,
				EBD9BBAB28D11D00007E75D9 /* AR_Soccer_ManagerUITestsLaunchTests.swift in Sources */,
				EBD9BBA928D11D00007E75D9 /* AR_Soccer_ManagerUITests.swift in Sources */,
				EBF59DD728F912EB00CE4A14 /* Club.swift in Sources */,
			);
			runOnlyForDeploymentPostprocessing = 0;
		};
/* End PBXSourcesBuildPhase section */

/* Begin PBXTargetDependency section */
		EBD9BB9C28D11D00007E75D9 /* PBXTargetDependency */ = {
			isa = PBXTargetDependency;
			target = EBD9BB8028D11CFE007E75D9 /* AR Soccer Manager */;
			targetProxy = EBD9BB9B28D11D00007E75D9 /* PBXContainerItemProxy */;
		};
		EBD9BBA628D11D00007E75D9 /* PBXTargetDependency */ = {
			isa = PBXTargetDependency;
			target = EBD9BB8028D11CFE007E75D9 /* AR Soccer Manager */;
			targetProxy = EBD9BBA528D11D00007E75D9 /* PBXContainerItemProxy */;
		};
/* End PBXTargetDependency section */

/* Begin PBXVariantGroup section */
		EBD9BB8A28D11CFE007E75D9 /* Main.storyboard */ = {
			isa = PBXVariantGroup;
			children = (
				EBD9BB8B28D11CFE007E75D9 /* Base */,
			);
			name = Main.storyboard;
			sourceTree = "<group>";
		};
		EBD9BB9228D11D00007E75D9 /* LaunchScreen.storyboard */ = {
			isa = PBXVariantGroup;
			children = (
				EBD9BB9328D11D00007E75D9 /* Base */,
			);
			name = LaunchScreen.storyboard;
			sourceTree = "<group>";
		};
/* End PBXVariantGroup section */

/* Begin XCBuildConfiguration section */
		EBD9BBAC28D11D00007E75D9 /* Debug */ = {
			isa = XCBuildConfiguration;
			buildSettings = {
				ALWAYS_SEARCH_USER_PATHS = NO;
				CLANG_ANALYZER_NONNULL = YES;
				CLANG_ANALYZER_NUMBER_OBJECT_CONVERSION = YES_AGGRESSIVE;
				CLANG_CXX_LANGUAGE_STANDARD = "gnu++20";
				CLANG_ENABLE_MODULES = YES;
				CLANG_ENABLE_OBJC_ARC = YES;
				CLANG_ENABLE_OBJC_WEAK = YES;
				CLANG_WARN_BLOCK_CAPTURE_AUTORELEASING = YES;
				CLANG_WARN_BOOL_CONVERSION = YES;
				CLANG_WARN_COMMA = YES;
				CLANG_WARN_CONSTANT_CONVERSION = YES;
				CLANG_WARN_DEPRECATED_OBJC_IMPLEMENTATIONS = YES;
				CLANG_WARN_DIRECT_OBJC_ISA_USAGE = YES_ERROR;
				CLANG_WARN_DOCUMENTATION_COMMENTS = YES;
				CLANG_WARN_EMPTY_BODY = YES;
				CLANG_WARN_ENUM_CONVERSION = YES;
				CLANG_WARN_INFINITE_RECURSION = YES;
				CLANG_WARN_INT_CONVERSION = YES;
				CLANG_WARN_NON_LITERAL_NULL_CONVERSION = YES;
				CLANG_WARN_OBJC_IMPLICIT_RETAIN_SELF = YES;
				CLANG_WARN_OBJC_LITERAL_CONVERSION = YES;
				CLANG_WARN_OBJC_ROOT_CLASS = YES_ERROR;
				CLANG_WARN_QUOTED_INCLUDE_IN_FRAMEWORK_HEADER = YES;
				CLANG_WARN_RANGE_LOOP_ANALYSIS = YES;
				CLANG_WARN_STRICT_PROTOTYPES = YES;
				CLANG_WARN_SUSPICIOUS_MOVE = YES;
				CLANG_WARN_UNGUARDED_AVAILABILITY = YES_AGGRESSIVE;
				CLANG_WARN_UNREACHABLE_CODE = YES;
				CLANG_WARN__DUPLICATE_METHOD_MATCH = YES;
				COPY_PHASE_STRIP = NO;
				DEBUG_INFORMATION_FORMAT = dwarf;
				ENABLE_STRICT_OBJC_MSGSEND = YES;
				ENABLE_TESTABILITY = YES;
				GCC_C_LANGUAGE_STANDARD = gnu11;
				GCC_DYNAMIC_NO_PIC = NO;
				GCC_NO_COMMON_BLOCKS = YES;
				GCC_OPTIMIZATION_LEVEL = 0;
				GCC_PREPROCESSOR_DEFINITIONS = (
					"DEBUG=1",
					"$(inherited)",
				);
				GCC_WARN_64_TO_32_BIT_CONVERSION = YES;
				GCC_WARN_ABOUT_RETURN_TYPE = YES_ERROR;
				GCC_WARN_UNDECLARED_SELECTOR = YES;
				GCC_WARN_UNINITIALIZED_AUTOS = YES_AGGRESSIVE;
				GCC_WARN_UNUSED_FUNCTION = YES;
				GCC_WARN_UNUSED_VARIABLE = YES;
				IPHONEOS_DEPLOYMENT_TARGET = 16.0;
				MTL_ENABLE_DEBUG_INFO = INCLUDE_SOURCE;
				MTL_FAST_MATH = YES;
				ONLY_ACTIVE_ARCH = YES;
				SDKROOT = iphoneos;
				SWIFT_ACTIVE_COMPILATION_CONDITIONS = DEBUG;
				SWIFT_OPTIMIZATION_LEVEL = "-Onone";
			};
			name = Debug;
		};
		EBD9BBAD28D11D00007E75D9 /* Release */ = {
			isa = XCBuildConfiguration;
			buildSettings = {
				ALWAYS_SEARCH_USER_PATHS = NO;
				CLANG_ANALYZER_NONNULL = YES;
				CLANG_ANALYZER_NUMBER_OBJECT_CONVERSION = YES_AGGRESSIVE;
				CLANG_CXX_LANGUAGE_STANDARD = "gnu++20";
				CLANG_ENABLE_MODULES = YES;
				CLANG_ENABLE_OBJC_ARC = YES;
				CLANG_ENABLE_OBJC_WEAK = YES;
				CLANG_WARN_BLOCK_CAPTURE_AUTORELEASING = YES;
				CLANG_WARN_BOOL_CONVERSION = YES;
				CLANG_WARN_COMMA = YES;
				CLANG_WARN_CONSTANT_CONVERSION = YES;
				CLANG_WARN_DEPRECATED_OBJC_IMPLEMENTATIONS = YES;
				CLANG_WARN_DIRECT_OBJC_ISA_USAGE = YES_ERROR;
				CLANG_WARN_DOCUMENTATION_COMMENTS = YES;
				CLANG_WARN_EMPTY_BODY = YES;
				CLANG_WARN_ENUM_CONVERSION = YES;
				CLANG_WARN_INFINITE_RECURSION = YES;
				CLANG_WARN_INT_CONVERSION = YES;
				CLANG_WARN_NON_LITERAL_NULL_CONVERSION = YES;
				CLANG_WARN_OBJC_IMPLICIT_RETAIN_SELF = YES;
				CLANG_WARN_OBJC_LITERAL_CONVERSION = YES;
				CLANG_WARN_OBJC_ROOT_CLASS = YES_ERROR;
				CLANG_WARN_QUOTED_INCLUDE_IN_FRAMEWORK_HEADER = YES;
				CLANG_WARN_RANGE_LOOP_ANALYSIS = YES;
				CLANG_WARN_STRICT_PROTOTYPES = YES;
				CLANG_WARN_SUSPICIOUS_MOVE = YES;
				CLANG_WARN_UNGUARDED_AVAILABILITY = YES_AGGRESSIVE;
				CLANG_WARN_UNREACHABLE_CODE = YES;
				CLANG_WARN__DUPLICATE_METHOD_MATCH = YES;
				COPY_PHASE_STRIP = NO;
				DEBUG_INFORMATION_FORMAT = "dwarf-with-dsym";
				ENABLE_NS_ASSERTIONS = NO;
				ENABLE_STRICT_OBJC_MSGSEND = YES;
				GCC_C_LANGUAGE_STANDARD = gnu11;
				GCC_NO_COMMON_BLOCKS = YES;
				GCC_WARN_64_TO_32_BIT_CONVERSION = YES;
				GCC_WARN_ABOUT_RETURN_TYPE = YES_ERROR;
				GCC_WARN_UNDECLARED_SELECTOR = YES;
				GCC_WARN_UNINITIALIZED_AUTOS = YES_AGGRESSIVE;
				GCC_WARN_UNUSED_FUNCTION = YES;
				GCC_WARN_UNUSED_VARIABLE = YES;
				IPHONEOS_DEPLOYMENT_TARGET = 16.0;
				MTL_ENABLE_DEBUG_INFO = NO;
				MTL_FAST_MATH = YES;
				SDKROOT = iphoneos;
				SWIFT_COMPILATION_MODE = wholemodule;
				SWIFT_OPTIMIZATION_LEVEL = "-O";
				VALIDATE_PRODUCT = YES;
			};
			name = Release;
		};
		EBD9BBAF28D11D00007E75D9 /* Debug */ = {
			isa = XCBuildConfiguration;
			buildSettings = {
				ASSETCATALOG_COMPILER_APPICON_NAME = AppIcon;
				ASSETCATALOG_COMPILER_GLOBAL_ACCENT_COLOR_NAME = AccentColor;
				CODE_SIGN_STYLE = Automatic;
				CURRENT_PROJECT_VERSION = 1;
				DEVELOPMENT_TEAM = S96YGH2XSQ;
				GENERATE_INFOPLIST_FILE = YES;
				INFOPLIST_FILE = "AR Soccer Manager/Info.plist";
				INFOPLIST_KEY_NSCameraUsageDescription = "Allow AR Soccer Manager to access your camera for simulation purposes.";
				INFOPLIST_KEY_UIApplicationSupportsIndirectInputEvents = YES;
				INFOPLIST_KEY_UILaunchStoryboardName = LaunchScreen;
				INFOPLIST_KEY_UIMainStoryboardFile = Main;
				INFOPLIST_KEY_UISupportedInterfaceOrientations = "UIInterfaceOrientationLandscapeLeft UIInterfaceOrientationLandscapeRight";
				IPHONEOS_DEPLOYMENT_TARGET = 14.0;
				LD_RUNPATH_SEARCH_PATHS = (
					"$(inherited)",
					"@executable_path/Frameworks",
				);
				MARKETING_VERSION = 1.0;
				PRODUCT_BUNDLE_IDENTIFIER = "DiamondW.AR-Soccer-Manager";
				PRODUCT_NAME = "$(TARGET_NAME)";
				SWIFT_EMIT_LOC_STRINGS = YES;
				SWIFT_VERSION = 5.0;
				TARGETED_DEVICE_FAMILY = "1,2";
			};
			name = Debug;
		};
		EBD9BBB028D11D00007E75D9 /* Release */ = {
			isa = XCBuildConfiguration;
			buildSettings = {
				ASSETCATALOG_COMPILER_APPICON_NAME = AppIcon;
				ASSETCATALOG_COMPILER_GLOBAL_ACCENT_COLOR_NAME = AccentColor;
				CODE_SIGN_STYLE = Automatic;
				CURRENT_PROJECT_VERSION = 1;
				DEVELOPMENT_TEAM = S96YGH2XSQ;
				GENERATE_INFOPLIST_FILE = YES;
				INFOPLIST_FILE = "AR Soccer Manager/Info.plist";
				INFOPLIST_KEY_NSCameraUsageDescription = "Allow AR Soccer Manager to access your camera for simulation purposes.";
				INFOPLIST_KEY_UIApplicationSupportsIndirectInputEvents = YES;
				INFOPLIST_KEY_UILaunchStoryboardName = LaunchScreen;
				INFOPLIST_KEY_UIMainStoryboardFile = Main;
				INFOPLIST_KEY_UISupportedInterfaceOrientations = "UIInterfaceOrientationLandscapeLeft UIInterfaceOrientationLandscapeRight";
				IPHONEOS_DEPLOYMENT_TARGET = 14.0;
				LD_RUNPATH_SEARCH_PATHS = (
					"$(inherited)",
					"@executable_path/Frameworks",
				);
				MARKETING_VERSION = 1.0;
				PRODUCT_BUNDLE_IDENTIFIER = "DiamondW.AR-Soccer-Manager";
				PRODUCT_NAME = "$(TARGET_NAME)";
				SWIFT_EMIT_LOC_STRINGS = YES;
				SWIFT_VERSION = 5.0;
				TARGETED_DEVICE_FAMILY = "1,2";
			};
			name = Release;
		};
		EBD9BBB228D11D00007E75D9 /* Debug */ = {
			isa = XCBuildConfiguration;
			buildSettings = {
				ALWAYS_EMBED_SWIFT_STANDARD_LIBRARIES = YES;
				BUNDLE_LOADER = "$(TEST_HOST)";
				CODE_SIGN_STYLE = Automatic;
				CURRENT_PROJECT_VERSION = 1;
				DEVELOPMENT_TEAM = 9963RQX256;
				GENERATE_INFOPLIST_FILE = YES;
				IPHONEOS_DEPLOYMENT_TARGET = 16.0;
				MARKETING_VERSION = 1.0;
				PRODUCT_BUNDLE_IDENTIFIER = "Haonan.AR-Soccer-ManagerTests";
				PRODUCT_NAME = "$(TARGET_NAME)";
				SWIFT_EMIT_LOC_STRINGS = NO;
				SWIFT_VERSION = 5.0;
				TARGETED_DEVICE_FAMILY = "1,2";
				TEST_HOST = "$(BUILT_PRODUCTS_DIR)/AR Soccer Manager.app/$(BUNDLE_EXECUTABLE_FOLDER_PATH)/AR Soccer Manager";
			};
			name = Debug;
		};
		EBD9BBB328D11D00007E75D9 /* Release */ = {
			isa = XCBuildConfiguration;
			buildSettings = {
				ALWAYS_EMBED_SWIFT_STANDARD_LIBRARIES = YES;
				BUNDLE_LOADER = "$(TEST_HOST)";
				CODE_SIGN_STYLE = Automatic;
				CURRENT_PROJECT_VERSION = 1;
				DEVELOPMENT_TEAM = 9963RQX256;
				GENERATE_INFOPLIST_FILE = YES;
				IPHONEOS_DEPLOYMENT_TARGET = 16.0;
				MARKETING_VERSION = 1.0;
				PRODUCT_BUNDLE_IDENTIFIER = "Haonan.AR-Soccer-ManagerTests";
				PRODUCT_NAME = "$(TARGET_NAME)";
				SWIFT_EMIT_LOC_STRINGS = NO;
				SWIFT_VERSION = 5.0;
				TARGETED_DEVICE_FAMILY = "1,2";
				TEST_HOST = "$(BUILT_PRODUCTS_DIR)/AR Soccer Manager.app/$(BUNDLE_EXECUTABLE_FOLDER_PATH)/AR Soccer Manager";
			};
			name = Release;
		};
		EBD9BBB528D11D00007E75D9 /* Debug */ = {
			isa = XCBuildConfiguration;
			buildSettings = {
				ALWAYS_EMBED_SWIFT_STANDARD_LIBRARIES = YES;
				CODE_SIGN_STYLE = Automatic;
				CURRENT_PROJECT_VERSION = 1;
				DEVELOPMENT_TEAM = 9963RQX256;
				GENERATE_INFOPLIST_FILE = YES;
				MARKETING_VERSION = 1.0;
				PRODUCT_BUNDLE_IDENTIFIER = "Haonan.AR-Soccer-ManagerUITests";
				PRODUCT_NAME = "$(TARGET_NAME)";
				SWIFT_EMIT_LOC_STRINGS = NO;
				SWIFT_VERSION = 5.0;
				TARGETED_DEVICE_FAMILY = "1,2";
				TEST_TARGET_NAME = "AR Soccer Manager";
			};
			name = Debug;
		};
		EBD9BBB628D11D00007E75D9 /* Release */ = {
			isa = XCBuildConfiguration;
			buildSettings = {
				ALWAYS_EMBED_SWIFT_STANDARD_LIBRARIES = YES;
				CODE_SIGN_STYLE = Automatic;
				CURRENT_PROJECT_VERSION = 1;
				DEVELOPMENT_TEAM = 9963RQX256;
				GENERATE_INFOPLIST_FILE = YES;
				MARKETING_VERSION = 1.0;
				PRODUCT_BUNDLE_IDENTIFIER = "Haonan.AR-Soccer-ManagerUITests";
				PRODUCT_NAME = "$(TARGET_NAME)";
				SWIFT_EMIT_LOC_STRINGS = NO;
				SWIFT_VERSION = 5.0;
				TARGETED_DEVICE_FAMILY = "1,2";
				TEST_TARGET_NAME = "AR Soccer Manager";
			};
			name = Release;
		};
/* End XCBuildConfiguration section */

/* Begin XCConfigurationList section */
		EBD9BB7C28D11CFE007E75D9 /* Build configuration list for PBXProject "AR Soccer Manager" */ = {
			isa = XCConfigurationList;
			buildConfigurations = (
				EBD9BBAC28D11D00007E75D9 /* Debug */,
				EBD9BBAD28D11D00007E75D9 /* Release */,
			);
			defaultConfigurationIsVisible = 0;
			defaultConfigurationName = Release;
		};
		EBD9BBAE28D11D00007E75D9 /* Build configuration list for PBXNativeTarget "AR Soccer Manager" */ = {
			isa = XCConfigurationList;
			buildConfigurations = (
				EBD9BBAF28D11D00007E75D9 /* Debug */,
				EBD9BBB028D11D00007E75D9 /* Release */,
			);
			defaultConfigurationIsVisible = 0;
			defaultConfigurationName = Release;
		};
		EBD9BBB128D11D00007E75D9 /* Build configuration list for PBXNativeTarget "AR Soccer ManagerTests" */ = {
			isa = XCConfigurationList;
			buildConfigurations = (
				EBD9BBB228D11D00007E75D9 /* Debug */,
				EBD9BBB328D11D00007E75D9 /* Release */,
			);
			defaultConfigurationIsVisible = 0;
			defaultConfigurationName = Release;
		};
		EBD9BBB428D11D00007E75D9 /* Build configuration list for PBXNativeTarget "AR Soccer ManagerUITests" */ = {
			isa = XCConfigurationList;
			buildConfigurations = (
				EBD9BBB528D11D00007E75D9 /* Debug */,
				EBD9BBB628D11D00007E75D9 /* Release */,
			);
			defaultConfigurationIsVisible = 0;
			defaultConfigurationName = Release;
		};
/* End XCConfigurationList section */

/* Begin XCRemoteSwiftPackageReference section */
		EB20127F292DD3F30006FBD2 /* XCRemoteSwiftPackageReference "firebase-ios-sdk" */ = {
			isa = XCRemoteSwiftPackageReference;
			repositoryURL = "https://github.com/firebase/firebase-ios-sdk";
			requirement = {
				branch = master;
				kind = branch;
			};
		};
		EB2012B6292DD98B0006FBD2 /* XCRemoteSwiftPackageReference "facebook-ios-sdk" */ = {
			isa = XCRemoteSwiftPackageReference;
			repositoryURL = "https://github.com/facebook/facebook-ios-sdk?fbclid=IwAR1PEqjGWNnvs2HxHnHiphpWz7Jyk4vdEa0QfO83eX4Ds4ksinmwBmmRetU";
			requirement = {
				kind = upToNextMajorVersion;
				minimumVersion = 9.0.0;
			};
		};
/* End XCRemoteSwiftPackageReference section */

/* Begin XCSwiftPackageProductDependency section */
		EB201280292DD3F30006FBD2 /* FirebaseAnalytics */ = {
			isa = XCSwiftPackageProductDependency;
			package = EB20127F292DD3F30006FBD2 /* XCRemoteSwiftPackageReference "firebase-ios-sdk" */;
			productName = FirebaseAnalytics;
		};
		EB201282292DD3F30006FBD2 /* FirebaseAnalyticsOnDeviceConversion */ = {
			isa = XCSwiftPackageProductDependency;
			package = EB20127F292DD3F30006FBD2 /* XCRemoteSwiftPackageReference "firebase-ios-sdk" */;
			productName = FirebaseAnalyticsOnDeviceConversion;
		};
		EB201284292DD3F30006FBD2 /* FirebaseAnalyticsSwift */ = {
			isa = XCSwiftPackageProductDependency;
			package = EB20127F292DD3F30006FBD2 /* XCRemoteSwiftPackageReference "firebase-ios-sdk" */;
			productName = FirebaseAnalyticsSwift;
		};
		EB201286292DD3F30006FBD2 /* FirebaseAnalyticsWithoutAdIdSupport */ = {
			isa = XCSwiftPackageProductDependency;
			package = EB20127F292DD3F30006FBD2 /* XCRemoteSwiftPackageReference "firebase-ios-sdk" */;
			productName = FirebaseAnalyticsWithoutAdIdSupport;
		};
		EB201288292DD3F30006FBD2 /* FirebaseAppCheck */ = {
			isa = XCSwiftPackageProductDependency;
			package = EB20127F292DD3F30006FBD2 /* XCRemoteSwiftPackageReference "firebase-ios-sdk" */;
			productName = FirebaseAppCheck;
		};
		EB20128A292DD3F30006FBD2 /* FirebaseAppDistribution-Beta */ = {
			isa = XCSwiftPackageProductDependency;
			package = EB20127F292DD3F30006FBD2 /* XCRemoteSwiftPackageReference "firebase-ios-sdk" */;
			productName = "FirebaseAppDistribution-Beta";
		};
		EB20128C292DD3F30006FBD2 /* FirebaseAuth */ = {
			isa = XCSwiftPackageProductDependency;
			package = EB20127F292DD3F30006FBD2 /* XCRemoteSwiftPackageReference "firebase-ios-sdk" */;
			productName = FirebaseAuth;
		};
		EB20128E292DD3F30006FBD2 /* FirebaseAuthCombine-Community */ = {
			isa = XCSwiftPackageProductDependency;
			package = EB20127F292DD3F30006FBD2 /* XCRemoteSwiftPackageReference "firebase-ios-sdk" */;
			productName = "FirebaseAuthCombine-Community";
		};
		EB201290292DD3F30006FBD2 /* FirebaseCrashlytics */ = {
			isa = XCSwiftPackageProductDependency;
			package = EB20127F292DD3F30006FBD2 /* XCRemoteSwiftPackageReference "firebase-ios-sdk" */;
			productName = FirebaseCrashlytics;
		};
		EB201292292DD3F30006FBD2 /* FirebaseDatabase */ = {
			isa = XCSwiftPackageProductDependency;
			package = EB20127F292DD3F30006FBD2 /* XCRemoteSwiftPackageReference "firebase-ios-sdk" */;
			productName = FirebaseDatabase;
		};
		EB201294292DD3F30006FBD2 /* FirebaseDatabaseSwift */ = {
			isa = XCSwiftPackageProductDependency;
			package = EB20127F292DD3F30006FBD2 /* XCRemoteSwiftPackageReference "firebase-ios-sdk" */;
			productName = FirebaseDatabaseSwift;
		};
		EB201296292DD3F30006FBD2 /* FirebaseDynamicLinks */ = {
			isa = XCSwiftPackageProductDependency;
			package = EB20127F292DD3F30006FBD2 /* XCRemoteSwiftPackageReference "firebase-ios-sdk" */;
			productName = FirebaseDynamicLinks;
		};
		EB201298292DD3F30006FBD2 /* FirebaseFirestore */ = {
			isa = XCSwiftPackageProductDependency;
			package = EB20127F292DD3F30006FBD2 /* XCRemoteSwiftPackageReference "firebase-ios-sdk" */;
			productName = FirebaseFirestore;
		};
		EB20129A292DD3F30006FBD2 /* FirebaseFirestoreCombine-Community */ = {
			isa = XCSwiftPackageProductDependency;
			package = EB20127F292DD3F30006FBD2 /* XCRemoteSwiftPackageReference "firebase-ios-sdk" */;
			productName = "FirebaseFirestoreCombine-Community";
		};
		EB20129C292DD3F30006FBD2 /* FirebaseFirestoreSwift */ = {
			isa = XCSwiftPackageProductDependency;
			package = EB20127F292DD3F30006FBD2 /* XCRemoteSwiftPackageReference "firebase-ios-sdk" */;
			productName = FirebaseFirestoreSwift;
		};
		EB20129E292DD3F30006FBD2 /* FirebaseFunctions */ = {
			isa = XCSwiftPackageProductDependency;
			package = EB20127F292DD3F30006FBD2 /* XCRemoteSwiftPackageReference "firebase-ios-sdk" */;
			productName = FirebaseFunctions;
		};
		EB2012A0292DD3F30006FBD2 /* FirebaseFunctionsCombine-Community */ = {
			isa = XCSwiftPackageProductDependency;
			package = EB20127F292DD3F30006FBD2 /* XCRemoteSwiftPackageReference "firebase-ios-sdk" */;
			productName = "FirebaseFunctionsCombine-Community";
		};
		EB2012A2292DD3F30006FBD2 /* FirebaseInAppMessaging-Beta */ = {
			isa = XCSwiftPackageProductDependency;
			package = EB20127F292DD3F30006FBD2 /* XCRemoteSwiftPackageReference "firebase-ios-sdk" */;
			productName = "FirebaseInAppMessaging-Beta";
		};
		EB2012A4292DD3F30006FBD2 /* FirebaseInAppMessagingSwift-Beta */ = {
			isa = XCSwiftPackageProductDependency;
			package = EB20127F292DD3F30006FBD2 /* XCRemoteSwiftPackageReference "firebase-ios-sdk" */;
			productName = "FirebaseInAppMessagingSwift-Beta";
		};
		EB2012A6292DD3F30006FBD2 /* FirebaseInstallations */ = {
			isa = XCSwiftPackageProductDependency;
			package = EB20127F292DD3F30006FBD2 /* XCRemoteSwiftPackageReference "firebase-ios-sdk" */;
			productName = FirebaseInstallations;
		};
		EB2012A8292DD3F30006FBD2 /* FirebaseMLModelDownloader */ = {
			isa = XCSwiftPackageProductDependency;
			package = EB20127F292DD3F30006FBD2 /* XCRemoteSwiftPackageReference "firebase-ios-sdk" */;
			productName = FirebaseMLModelDownloader;
		};
		EB2012AA292DD3F30006FBD2 /* FirebaseMessaging */ = {
			isa = XCSwiftPackageProductDependency;
			package = EB20127F292DD3F30006FBD2 /* XCRemoteSwiftPackageReference "firebase-ios-sdk" */;
			productName = FirebaseMessaging;
		};
		EB2012AC292DD3F30006FBD2 /* FirebasePerformance */ = {
			isa = XCSwiftPackageProductDependency;
			package = EB20127F292DD3F30006FBD2 /* XCRemoteSwiftPackageReference "firebase-ios-sdk" */;
			productName = FirebasePerformance;
		};
		EB2012AE292DD3F30006FBD2 /* FirebaseRemoteConfig */ = {
			isa = XCSwiftPackageProductDependency;
			package = EB20127F292DD3F30006FBD2 /* XCRemoteSwiftPackageReference "firebase-ios-sdk" */;
			productName = FirebaseRemoteConfig;
		};
		EB2012B0292DD3F30006FBD2 /* FirebaseRemoteConfigSwift */ = {
			isa = XCSwiftPackageProductDependency;
			package = EB20127F292DD3F30006FBD2 /* XCRemoteSwiftPackageReference "firebase-ios-sdk" */;
			productName = FirebaseRemoteConfigSwift;
		};
		EB2012B2292DD3F30006FBD2 /* FirebaseStorage */ = {
			isa = XCSwiftPackageProductDependency;
			package = EB20127F292DD3F30006FBD2 /* XCRemoteSwiftPackageReference "firebase-ios-sdk" */;
			productName = FirebaseStorage;
		};
		EB2012B4292DD3F30006FBD2 /* FirebaseStorageCombine-Community */ = {
			isa = XCSwiftPackageProductDependency;
			package = EB20127F292DD3F30006FBD2 /* XCRemoteSwiftPackageReference "firebase-ios-sdk" */;
			productName = "FirebaseStorageCombine-Community";
		};
		EB2012B7292DD98B0006FBD2 /* FacebookCore */ = {
			isa = XCSwiftPackageProductDependency;
			package = EB2012B6292DD98B0006FBD2 /* XCRemoteSwiftPackageReference "facebook-ios-sdk" */;
			productName = FacebookCore;
		};
		EB2012B9292DD98B0006FBD2 /* FacebookGamingServices */ = {
			isa = XCSwiftPackageProductDependency;
			package = EB2012B6292DD98B0006FBD2 /* XCRemoteSwiftPackageReference "facebook-ios-sdk" */;
			productName = FacebookGamingServices;
		};
		EB2012BB292DD98B0006FBD2 /* FacebookLogin */ = {
			isa = XCSwiftPackageProductDependency;
			package = EB2012B6292DD98B0006FBD2 /* XCRemoteSwiftPackageReference "facebook-ios-sdk" */;
			productName = FacebookLogin;
		};
		EB2012BD292DD98B0006FBD2 /* FacebookShare */ = {
			isa = XCSwiftPackageProductDependency;
			package = EB2012B6292DD98B0006FBD2 /* XCRemoteSwiftPackageReference "facebook-ios-sdk" */;
			productName = FacebookShare;
		};
/* End XCSwiftPackageProductDependency section */

/* Begin XCVersionGroup section */
		EBD9BB8D28D11CFE007E75D9 /* AR_Soccer_Manager.xcdatamodeld */ = {
			isa = XCVersionGroup;
			children = (
				EBD9BB8E28D11CFE007E75D9 /* AR_Soccer_Manager.xcdatamodel */,
			);
			currentVersion = EBD9BB8E28D11CFE007E75D9 /* AR_Soccer_Manager.xcdatamodel */;
			path = AR_Soccer_Manager.xcdatamodeld;
			sourceTree = "<group>";
			versionGroupType = wrapper.xcdatamodel;
		};
/* End XCVersionGroup section */
	};
	rootObject = EBD9BB7928D11CFE007E75D9 /* Project object */;
}
